
Microsoft Visual Studio Solution File, Format Version 12.00
# Visual Studio 15
VisualStudioVersion = 15.0.26228.9
MinimumVisualStudioVersion = 10.0.40219.1
Project("{F2A71F9B-5D33-465A-A702-920D77279786}") = "CurryOn.EventStreamDb.Core", "CurryOn.EventStreamDb.Core\CurryOn.EventStreamDb.Core.fsproj", "{80E8EA75-B4F3-41F5-A37E-CA6AAAAE9752}"
EndProject
Project("{F2A71F9B-5D33-465A-A702-920D77279786}") = "CurryOn.Common", "..\CurryOn.Common\CurryOn.Common.fsproj", "{78B27B61-4F5C-4E69-B18F-4B6F6303F77B}"
EndProject
Project("{F2A71F9B-5D33-465A-A702-920D77279786}") = "CurryOn.EventStreamDb.Persistence", "CurryOn.EventStreamDb.Persistence\CurryOn.EventStreamDb.Persistence.fsproj", "{016FBA16-73ED-40F0-BF8D-F15C9EC822C7}"
EndProject
Global
	GlobalSection(SolutionConfigurationPlatforms) = preSolution
		Debug|Any CPU = Debug|Any CPU
		Release|Any CPU = Release|Any CPU
	EndGlobalSection
	GlobalSection(ProjectConfigurationPlatforms) = postSolution
		{80E8EA75-B4F3-41F5-A37E-CA6AAAAE9752}.Debug|Any CPU.ActiveCfg = Debug|Any CPU
		{80E8EA75-B4F3-41F5-A37E-CA6AAAAE9752}.Debug|Any CPU.Build.0 = Debug|Any CPU
		{80E8EA75-B4F3-41F5-A37E-CA6AAAAE9752}.Release|Any CPU.ActiveCfg = Release|Any CPU
		{80E8EA75-B4F3-41F5-A37E-CA6AAAAE9752}.Release|Any CPU.Build.0 = Release|Any CPU
		{78B27B61-4F5C-4E69-B18F-4B6F6303F77B}.Debug|Any CPU.ActiveCfg = Debug|Any CPU
		{78B27B61-4F5C-4E69-B18F-4B6F6303F77B}.Debug|Any CPU.Build.0 = Debug|Any CPU
		{78B27B61-4F5C-4E69-B18F-4B6F6303F77B}.Release|Any CPU.ActiveCfg = Release|Any CPU
		{78B27B61-4F5C-4E69-B18F-4B6F6303F77B}.Release|Any CPU.Build.0 = Release|Any CPU
		{016FBA16-73ED-40F0-BF8D-F15C9EC822C7}.Debug|Any CPU.ActiveCfg = Debug|Any CPU
		{016FBA16-73ED-40F0-BF8D-F15C9EC822C7}.Debug|Any CPU.Build.0 = Debug|Any CPU
		{016FBA16-73ED-40F0-BF8D-F15C9EC822C7}.Release|Any CPU.ActiveCfg = Release|Any CPU
		{016FBA16-73ED-40F0-BF8D-F15C9EC822C7}.Release|Any CPU.Build.0 = Release|Any CPU
	EndGlobalSection
	GlobalSection(SolutionProperties) = preSolution
		HideSolutionNode = FALSE
	EndGlobalSection
EndGlobal
