
Microsoft Visual Studio Solution File, Format Version 12.00
# Visual Studio 15
VisualStudioVersion = 15.0.26228.9
MinimumVisualStudioVersion = 10.0.40219.1
Project("{F2A71F9B-5D33-465A-A702-920D77279786}") = "CurryOn.Common", "CurryOn.Common\CurryOn.Common.fsproj", "{78B27B61-4F5C-4E69-B18F-4B6F6303F77B}"
EndProject
Project("{F2A71F9B-5D33-465A-A702-920D77279786}") = "CurryOn.Core", "CurryOn.Core\CurryOn.Core.fsproj", "{28EEE885-AFEE-4DE2-BFD6-9B36BDB7C11A}"
EndProject
Project("{F2A71F9B-5D33-465A-A702-920D77279786}") = "CurryOn.DependencyInjection", "CurryOn.DependencyInjection\CurryOn.DependencyInjection.fsproj", "{0C764312-E9E1-4C2E-A89D-91017DA8EB04}"
EndProject
Project("{F2A71F9B-5D33-465A-A702-920D77279786}") = "CurryOn.Msmq", "CurryOn.Msmq\CurryOn.Msmq.fsproj", "{27C812A7-01A8-40F5-B3A5-9CBDF4ACC43C}"
EndProject
Project("{F2A71F9B-5D33-465A-A702-920D77279786}") = "CurryOn.Akka.Persistence.EventStore", "CurryOn.Akka.Persistence.EventStore\CurryOn.Akka.Persistence.EventStore.fsproj", "{AFACF2DB-D3A6-4E72-A408-648BD6BFC0AB}"
EndProject
Project("{F2A71F9B-5D33-465A-A702-920D77279786}") = "CurryOn.EventStore", "CurryOn.EventStore\CurryOn.EventStore.fsproj", "{1BF40097-F252-4869-9576-C769FF1F32CA}"
EndProject
Project("{F2A71F9B-5D33-465A-A702-920D77279786}") = "CurryOn.Tests", "CurryOn.Tests\CurryOn.Tests.fsproj", "{80AFB1AD-A933-4EC6-860C-A51A1004FC5C}"
EndProject
Project("{F2A71F9B-5D33-465A-A702-920D77279786}") = "CurryOn.FSharp.Control", "CurryOn.FSharp.Control\CurryOn.FSharp.Control.fsproj", "{B8B2E096-C261-45FC-BFBA-0CEA330D6B04}"
EndProject
Global
	GlobalSection(SolutionConfigurationPlatforms) = preSolution
		Debug|Any CPU = Debug|Any CPU
		Release|Any CPU = Release|Any CPU
	EndGlobalSection
	GlobalSection(ProjectConfigurationPlatforms) = postSolution
		{78B27B61-4F5C-4E69-B18F-4B6F6303F77B}.Debug|Any CPU.ActiveCfg = Debug|Any CPU
		{78B27B61-4F5C-4E69-B18F-4B6F6303F77B}.Debug|Any CPU.Build.0 = Debug|Any CPU
		{78B27B61-4F5C-4E69-B18F-4B6F6303F77B}.Release|Any CPU.ActiveCfg = Release|Any CPU
		{78B27B61-4F5C-4E69-B18F-4B6F6303F77B}.Release|Any CPU.Build.0 = Release|Any CPU
		{28EEE885-AFEE-4DE2-BFD6-9B36BDB7C11A}.Debug|Any CPU.ActiveCfg = Debug|Any CPU
		{28EEE885-AFEE-4DE2-BFD6-9B36BDB7C11A}.Debug|Any CPU.Build.0 = Debug|Any CPU
		{28EEE885-AFEE-4DE2-BFD6-9B36BDB7C11A}.Release|Any CPU.ActiveCfg = Release|Any CPU
		{28EEE885-AFEE-4DE2-BFD6-9B36BDB7C11A}.Release|Any CPU.Build.0 = Release|Any CPU
		{0C764312-E9E1-4C2E-A89D-91017DA8EB04}.Debug|Any CPU.ActiveCfg = Debug|Any CPU
		{0C764312-E9E1-4C2E-A89D-91017DA8EB04}.Debug|Any CPU.Build.0 = Debug|Any CPU
		{0C764312-E9E1-4C2E-A89D-91017DA8EB04}.Release|Any CPU.ActiveCfg = Release|Any CPU
		{0C764312-E9E1-4C2E-A89D-91017DA8EB04}.Release|Any CPU.Build.0 = Release|Any CPU
		{27C812A7-01A8-40F5-B3A5-9CBDF4ACC43C}.Debug|Any CPU.ActiveCfg = Debug|Any CPU
		{27C812A7-01A8-40F5-B3A5-9CBDF4ACC43C}.Debug|Any CPU.Build.0 = Debug|Any CPU
		{27C812A7-01A8-40F5-B3A5-9CBDF4ACC43C}.Release|Any CPU.ActiveCfg = Release|Any CPU
		{27C812A7-01A8-40F5-B3A5-9CBDF4ACC43C}.Release|Any CPU.Build.0 = Release|Any CPU
		{AFACF2DB-D3A6-4E72-A408-648BD6BFC0AB}.Debug|Any CPU.ActiveCfg = Debug|Any CPU
		{AFACF2DB-D3A6-4E72-A408-648BD6BFC0AB}.Debug|Any CPU.Build.0 = Debug|Any CPU
		{AFACF2DB-D3A6-4E72-A408-648BD6BFC0AB}.Release|Any CPU.ActiveCfg = Release|Any CPU
		{AFACF2DB-D3A6-4E72-A408-648BD6BFC0AB}.Release|Any CPU.Build.0 = Release|Any CPU
		{1BF40097-F252-4869-9576-C769FF1F32CA}.Debug|Any CPU.ActiveCfg = Debug|Any CPU
		{1BF40097-F252-4869-9576-C769FF1F32CA}.Debug|Any CPU.Build.0 = Debug|Any CPU
		{1BF40097-F252-4869-9576-C769FF1F32CA}.Release|Any CPU.ActiveCfg = Release|Any CPU
		{1BF40097-F252-4869-9576-C769FF1F32CA}.Release|Any CPU.Build.0 = Release|Any CPU
		{80AFB1AD-A933-4EC6-860C-A51A1004FC5C}.Debug|Any CPU.ActiveCfg = Debug|Any CPU
		{80AFB1AD-A933-4EC6-860C-A51A1004FC5C}.Debug|Any CPU.Build.0 = Debug|Any CPU
		{80AFB1AD-A933-4EC6-860C-A51A1004FC5C}.Release|Any CPU.ActiveCfg = Release|Any CPU
		{80AFB1AD-A933-4EC6-860C-A51A1004FC5C}.Release|Any CPU.Build.0 = Release|Any CPU
		{B8B2E096-C261-45FC-BFBA-0CEA330D6B04}.Debug|Any CPU.ActiveCfg = Debug|Any CPU
		{B8B2E096-C261-45FC-BFBA-0CEA330D6B04}.Debug|Any CPU.Build.0 = Debug|Any CPU
		{B8B2E096-C261-45FC-BFBA-0CEA330D6B04}.Release|Any CPU.ActiveCfg = Release|Any CPU
		{B8B2E096-C261-45FC-BFBA-0CEA330D6B04}.Release|Any CPU.Build.0 = Release|Any CPU
	EndGlobalSection
	GlobalSection(SolutionProperties) = preSolution
		HideSolutionNode = FALSE
	EndGlobalSection
EndGlobal
