
Microsoft Visual Studio Solution File, Format Version 12.00
# Visual Studio 15
VisualStudioVersion = 15.0.26228.9
MinimumVisualStudioVersion = 10.0.40219.1
Project("{F2A71F9B-5D33-465A-A702-920D77279786}") = "CurryOn.DomainModeler.Core", "CurryOn.DomainModeler.Core\CurryOn.DomainModeler.Core.fsproj", "{BA6B2506-8871-4EDC-AD68-C89D1C180E25}"
EndProject
Global
	GlobalSection(SolutionConfigurationPlatforms) = preSolution
		Debug|Any CPU = Debug|Any CPU
		Release|Any CPU = Release|Any CPU
	EndGlobalSection
	GlobalSection(ProjectConfigurationPlatforms) = postSolution
		{BA6B2506-8871-4EDC-AD68-C89D1C180E25}.Debug|Any CPU.ActiveCfg = Debug|Any CPU
		{BA6B2506-8871-4EDC-AD68-C89D1C180E25}.Debug|Any CPU.Build.0 = Debug|Any CPU
		{BA6B2506-8871-4EDC-AD68-C89D1C180E25}.Release|Any CPU.ActiveCfg = Release|Any CPU
		{BA6B2506-8871-4EDC-AD68-C89D1C180E25}.Release|Any CPU.Build.0 = Release|Any CPU
	EndGlobalSection
	GlobalSection(SolutionProperties) = preSolution
		HideSolutionNode = FALSE
	EndGlobalSection
EndGlobal
